
Microsoft Visual Studio Solution File, Format Version 12.00
# Visual Studio Version 17
VisualStudioVersion = 17.4.33110.190
MinimumVisualStudioVersion = 10.0.40219.1
Project("{FAE04EC0-301F-11D3-BF4B-00C04F79EFBC}") = "bookStore", "bookStore.csproj", "{962B780F-A82F-498A-AD1A-7394885D7212}"
EndProject
Global
	GlobalSection(SolutionConfigurationPlatforms) = preSolution
		Debug|Any CPU = Debug|Any CPU
		Release|Any CPU = Release|Any CPU
	EndGlobalSection
	GlobalSection(ProjectConfigurationPlatforms) = postSolution
		{962B780F-A82F-498A-AD1A-7394885D7212}.Debug|Any CPU.ActiveCfg = Debug|Any CPU
		{962B780F-A82F-498A-AD1A-7394885D7212}.Debug|Any CPU.Build.0 = Debug|Any CPU
		{962B780F-A82F-498A-AD1A-7394885D7212}.Release|Any CPU.ActiveCfg = Release|Any CPU
		{962B780F-A82F-498A-AD1A-7394885D7212}.Release|Any CPU.Build.0 = Release|Any CPU
	EndGlobalSection
	GlobalSection(SolutionProperties) = preSolution
		HideSolutionNode = FALSE
	EndGlobalSection
	GlobalSection(ExtensibilityGlobals) = postSolution
		SolutionGuid = {8E69C1CE-D5D4-4D43-A9FB-AC05BF77AA10}
	EndGlobalSection
EndGlobal
